
Microsoft Visual Studio Solution File, Format Version 12.00
# Visual Studio 2012
Project("{FAE04EC0-301F-11D3-BF4B-00C04F79EFBC}") = "Nancy.Hal.Example", "Nancy.Hal.Example\Nancy.Hal.Example.csproj", "{763C7EA5-6A09-43EA-9597-5CBF239A0D51}"
EndProject
Global
	GlobalSection(SolutionConfigurationPlatforms) = preSolution
		Debug|Any CPU = Debug|Any CPU
		Release|Any CPU = Release|Any CPU
	EndGlobalSection
	GlobalSection(ProjectConfigurationPlatforms) = postSolution
		{763C7EA5-6A09-43EA-9597-5CBF239A0D51}.Debug|Any CPU.ActiveCfg = Debug|Any CPU
		{763C7EA5-6A09-43EA-9597-5CBF239A0D51}.Debug|Any CPU.Build.0 = Debug|Any CPU
		{763C7EA5-6A09-43EA-9597-5CBF239A0D51}.Release|Any CPU.ActiveCfg = Release|Any CPU
		{763C7EA5-6A09-43EA-9597-5CBF239A0D51}.Release|Any CPU.Build.0 = Release|Any CPU
	EndGlobalSection
	GlobalSection(SolutionProperties) = preSolution
		HideSolutionNode = FALSE
	EndGlobalSection
EndGlobal
